
Microsoft Visual Studio Solution File, Format Version 12.00
# Visual Studio Version 16
VisualStudioVersion = 16.0.29709.97
MinimumVisualStudioVersion = 10.0.40219.1
Project("{9A19103F-16F7-4668-BE54-9A1E7A4F7556}") = "NGraphQL", "NGraphQL\NGraphQL.csproj", "{C97E9461-889F-4D46-B54D-35853F545963}"
EndProject
Project("{9A19103F-16F7-4668-BE54-9A1E7A4F7556}") = "NGraphQL.Tests", "NGraphQL.Tests\NGraphQL.Tests.csproj", "{61BCE757-A7DB-49C6-B863-57204B7DA708}"
EndProject
Project("{9A19103F-16F7-4668-BE54-9A1E7A4F7556}") = "NGraphQL.TestApp", "NGraphQL.TestApp\NGraphQL.TestApp.csproj", "{44C4FE9B-782F-4D99-8187-E5FE0CF04661}"
EndProject
Project("{9A19103F-16F7-4668-BE54-9A1E7A4F7556}") = "NGraphQL.Http", "NGraphQL.Http\NGraphQL.Http.csproj", "{88300160-E7CB-410D-AF68-FC4FC745CED5}"
EndProject
Project("{9A19103F-16F7-4668-BE54-9A1E7A4F7556}") = "NGraphQL.Tests.HttpTests", "NGraphQL.Tests.HttpTests\NGraphQL.Tests.HttpTests.csproj", "{13B3DC8E-6EEE-48A0-BBA3-FE90DC385486}"
EndProject
Project("{2150E333-8FDC-42A3-9474-1A3956D46DE8}") = "Solution Items", "Solution Items", "{99BB55EA-1963-40D6-B085-2DEF6DAA5222}"
	ProjectSection(SolutionItems) = preProject
		ReadMe.md = ReadMe.md
	EndProjectSection
EndProject
Project("{2150E333-8FDC-42A3-9474-1A3956D46DE8}") = "Samples", "Samples", "{A37BA1FA-FD94-4D1C-ADD9-A5B0F6F20458}"
EndProject
Project("{2150E333-8FDC-42A3-9474-1A3956D46DE8}") = "Tests", "Tests", "{CA7361EF-78F4-4367-953F-28A1CDEDBB35}"
EndProject
Project("{9A19103F-16F7-4668-BE54-9A1E7A4F7556}") = "StarWars", "Samples\StarWars\StarWars.csproj", "{868DF15F-C90E-4E1C-8AAA-BD220689C1C0}"
EndProject
Project("{9A19103F-16F7-4668-BE54-9A1E7A4F7556}") = "StarWars.Api", "Samples\StarWars.Api\StarWars.Api.csproj", "{07BC4F1C-E42F-4FB5-9E12-02CFECBCBDCD}"
EndProject
Project("{9A19103F-16F7-4668-BE54-9A1E7A4F7556}") = "StarWars.HttpServer", "Samples\StarWars.HttpServer\StarWars.HttpServer.csproj", "{37665EF2-E3D1-43BB-823C-021BD3468A9C}"
EndProject
Project("{2150E333-8FDC-42A3-9474-1A3956D46DE8}") = "Graphicl", "Graphicl", "{F5F1FFCD-D7A6-49E0-A1F9-0B01616B1C83}"
	ProjectSection(SolutionItems) = preProject
		Samples\Graphiql\graphiql.html = Samples\Graphiql\graphiql.html
		Samples\Graphiql\SampleQueries.txt = Samples\Graphiql\SampleQueries.txt
	EndProjectSection
EndProject
Project("{9A19103F-16F7-4668-BE54-9A1E7A4F7556}") = "StarWars.Api.Tests", "Samples\StarWars.Api.Tests\StarWars.Api.Tests.csproj", "{74D14318-A727-4DA0-A0ED-46AD0B6F646B}"
EndProject
Global
	GlobalSection(SolutionConfigurationPlatforms) = preSolution
		Debug|Any CPU = Debug|Any CPU
		Release|Any CPU = Release|Any CPU
	EndGlobalSection
	GlobalSection(ProjectConfigurationPlatforms) = postSolution
		{C97E9461-889F-4D46-B54D-35853F545963}.Debug|Any CPU.ActiveCfg = Debug|Any CPU
		{C97E9461-889F-4D46-B54D-35853F545963}.Debug|Any CPU.Build.0 = Debug|Any CPU
		{C97E9461-889F-4D46-B54D-35853F545963}.Release|Any CPU.ActiveCfg = Release|Any CPU
		{C97E9461-889F-4D46-B54D-35853F545963}.Release|Any CPU.Build.0 = Release|Any CPU
		{61BCE757-A7DB-49C6-B863-57204B7DA708}.Debug|Any CPU.ActiveCfg = Debug|Any CPU
		{61BCE757-A7DB-49C6-B863-57204B7DA708}.Debug|Any CPU.Build.0 = Debug|Any CPU
		{61BCE757-A7DB-49C6-B863-57204B7DA708}.Release|Any CPU.ActiveCfg = Release|Any CPU
		{61BCE757-A7DB-49C6-B863-57204B7DA708}.Release|Any CPU.Build.0 = Release|Any CPU
		{44C4FE9B-782F-4D99-8187-E5FE0CF04661}.Debug|Any CPU.ActiveCfg = Debug|Any CPU
		{44C4FE9B-782F-4D99-8187-E5FE0CF04661}.Debug|Any CPU.Build.0 = Debug|Any CPU
		{44C4FE9B-782F-4D99-8187-E5FE0CF04661}.Release|Any CPU.ActiveCfg = Release|Any CPU
		{44C4FE9B-782F-4D99-8187-E5FE0CF04661}.Release|Any CPU.Build.0 = Release|Any CPU
		{88300160-E7CB-410D-AF68-FC4FC745CED5}.Debug|Any CPU.ActiveCfg = Debug|Any CPU
		{88300160-E7CB-410D-AF68-FC4FC745CED5}.Debug|Any CPU.Build.0 = Debug|Any CPU
		{88300160-E7CB-410D-AF68-FC4FC745CED5}.Release|Any CPU.ActiveCfg = Release|Any CPU
		{88300160-E7CB-410D-AF68-FC4FC745CED5}.Release|Any CPU.Build.0 = Release|Any CPU
		{13B3DC8E-6EEE-48A0-BBA3-FE90DC385486}.Debug|Any CPU.ActiveCfg = Debug|Any CPU
		{13B3DC8E-6EEE-48A0-BBA3-FE90DC385486}.Debug|Any CPU.Build.0 = Debug|Any CPU
		{13B3DC8E-6EEE-48A0-BBA3-FE90DC385486}.Release|Any CPU.ActiveCfg = Release|Any CPU
		{13B3DC8E-6EEE-48A0-BBA3-FE90DC385486}.Release|Any CPU.Build.0 = Release|Any CPU
		{868DF15F-C90E-4E1C-8AAA-BD220689C1C0}.Debug|Any CPU.ActiveCfg = Debug|Any CPU
		{868DF15F-C90E-4E1C-8AAA-BD220689C1C0}.Debug|Any CPU.Build.0 = Debug|Any CPU
		{868DF15F-C90E-4E1C-8AAA-BD220689C1C0}.Release|Any CPU.ActiveCfg = Release|Any CPU
		{868DF15F-C90E-4E1C-8AAA-BD220689C1C0}.Release|Any CPU.Build.0 = Release|Any CPU
		{07BC4F1C-E42F-4FB5-9E12-02CFECBCBDCD}.Debug|Any CPU.ActiveCfg = Debug|Any CPU
		{07BC4F1C-E42F-4FB5-9E12-02CFECBCBDCD}.Debug|Any CPU.Build.0 = Debug|Any CPU
		{07BC4F1C-E42F-4FB5-9E12-02CFECBCBDCD}.Release|Any CPU.ActiveCfg = Release|Any CPU
		{07BC4F1C-E42F-4FB5-9E12-02CFECBCBDCD}.Release|Any CPU.Build.0 = Release|Any CPU
		{37665EF2-E3D1-43BB-823C-021BD3468A9C}.Debug|Any CPU.ActiveCfg = Debug|Any CPU
		{37665EF2-E3D1-43BB-823C-021BD3468A9C}.Debug|Any CPU.Build.0 = Debug|Any CPU
		{37665EF2-E3D1-43BB-823C-021BD3468A9C}.Release|Any CPU.ActiveCfg = Release|Any CPU
		{37665EF2-E3D1-43BB-823C-021BD3468A9C}.Release|Any CPU.Build.0 = Release|Any CPU
		{74D14318-A727-4DA0-A0ED-46AD0B6F646B}.Debug|Any CPU.ActiveCfg = Debug|Any CPU
		{74D14318-A727-4DA0-A0ED-46AD0B6F646B}.Debug|Any CPU.Build.0 = Debug|Any CPU
		{74D14318-A727-4DA0-A0ED-46AD0B6F646B}.Release|Any CPU.ActiveCfg = Release|Any CPU
		{74D14318-A727-4DA0-A0ED-46AD0B6F646B}.Release|Any CPU.Build.0 = Release|Any CPU
	EndGlobalSection
	GlobalSection(SolutionProperties) = preSolution
		HideSolutionNode = FALSE
	EndGlobalSection
	GlobalSection(NestedProjects) = preSolution
		{61BCE757-A7DB-49C6-B863-57204B7DA708} = {CA7361EF-78F4-4367-953F-28A1CDEDBB35}
		{44C4FE9B-782F-4D99-8187-E5FE0CF04661} = {CA7361EF-78F4-4367-953F-28A1CDEDBB35}
		{13B3DC8E-6EEE-48A0-BBA3-FE90DC385486} = {CA7361EF-78F4-4367-953F-28A1CDEDBB35}
		{868DF15F-C90E-4E1C-8AAA-BD220689C1C0} = {A37BA1FA-FD94-4D1C-ADD9-A5B0F6F20458}
		{07BC4F1C-E42F-4FB5-9E12-02CFECBCBDCD} = {A37BA1FA-FD94-4D1C-ADD9-A5B0F6F20458}
		{37665EF2-E3D1-43BB-823C-021BD3468A9C} = {A37BA1FA-FD94-4D1C-ADD9-A5B0F6F20458}
		{F5F1FFCD-D7A6-49E0-A1F9-0B01616B1C83} = {A37BA1FA-FD94-4D1C-ADD9-A5B0F6F20458}
		{74D14318-A727-4DA0-A0ED-46AD0B6F646B} = {A37BA1FA-FD94-4D1C-ADD9-A5B0F6F20458}
	EndGlobalSection
	GlobalSection(ExtensibilityGlobals) = postSolution
		SolutionGuid = {487D2E61-A748-4092-A70A-6B3548627DE0}
	EndGlobalSection
EndGlobal
