
Microsoft Visual Studio Solution File, Format Version 12.00
# Visual Studio 15
VisualStudioVersion = 15.0.27703.2042
MinimumVisualStudioVersion = 10.0.40219.1
Project("{FAE04EC0-301F-11D3-BF4B-00C04F79EFBC}") = "NGraphQL", "NGraphQL\NGraphQL.csproj", "{C97E9461-889F-4D46-B54D-35853F545963}"
EndProject
Global
	GlobalSection(SolutionConfigurationPlatforms) = preSolution
		Debug|Any CPU = Debug|Any CPU
		Release|Any CPU = Release|Any CPU
	EndGlobalSection
	GlobalSection(ProjectConfigurationPlatforms) = postSolution
		{C97E9461-889F-4D46-B54D-35853F545963}.Debug|Any CPU.ActiveCfg = Debug|Any CPU
		{C97E9461-889F-4D46-B54D-35853F545963}.Debug|Any CPU.Build.0 = Debug|Any CPU
		{C97E9461-889F-4D46-B54D-35853F545963}.Release|Any CPU.ActiveCfg = Release|Any CPU
		{C97E9461-889F-4D46-B54D-35853F545963}.Release|Any CPU.Build.0 = Release|Any CPU
	EndGlobalSection
	GlobalSection(SolutionProperties) = preSolution
		HideSolutionNode = FALSE
	EndGlobalSection
	GlobalSection(ExtensibilityGlobals) = postSolution
		SolutionGuid = {487D2E61-A748-4092-A70A-6B3548627DE0}
	EndGlobalSection
EndGlobal
