
Microsoft Visual Studio Solution File, Format Version 12.00
# Visual Studio Version 16
VisualStudioVersion = 16.0.29709.97
MinimumVisualStudioVersion = 10.0.40219.1
Project("{2150E333-8FDC-42A3-9474-1A3956D46DE8}") = "Solution Items", "Solution Items", "{99BB55EA-1963-40D6-B085-2DEF6DAA5222}"
	ProjectSection(SolutionItems) = preProject
		ReadMe.md = ReadMe.md
		Version.proj = Version.proj
	EndProjectSection
EndProject
Project("{2150E333-8FDC-42A3-9474-1A3956D46DE8}") = "Tests", "Tests", "{CA7361EF-78F4-4367-953F-28A1CDEDBB35}"
EndProject
Project("{9A19103F-16F7-4668-BE54-9A1E7A4F7556}") = "NGraphQL.Client", "NGraphQL.Client\NGraphQL.Client.csproj", "{614DAA9A-13E2-47EB-ACC3-F4B024D6F7AE}"
EndProject
Project("{9A19103F-16F7-4668-BE54-9A1E7A4F7556}") = "NGraphQL.TestApp", "Tests\NGraphQL.TestApp\NGraphQL.TestApp.csproj", "{BDA3DEDD-17CF-4E92-8CD7-DCCF6466E2CA}"
EndProject
Project("{9A19103F-16F7-4668-BE54-9A1E7A4F7556}") = "NGraphQL.Tests", "Tests\NGraphQL.Tests\NGraphQL.Tests.csproj", "{3D323D68-BF4D-4AF9-98A5-6799264F37F9}"
EndProject
Project("{9A19103F-16F7-4668-BE54-9A1E7A4F7556}") = "NGraphQL.Tests.HttpTests", "Tests\NGraphQL.Tests.HttpTests\NGraphQL.Tests.HttpTests.csproj", "{53D550B1-5D5D-41FB-A333-37B661DEC728}"
EndProject
Project("{9A19103F-16F7-4668-BE54-9A1E7A4F7556}") = "NGraphQL.Server", "NGraphQL.Server\NGraphQL.Server.csproj", "{2A3CDD5D-CB9F-4E1E-9BA6-E28BEC06E85D}"
EndProject
Project("{9A19103F-16F7-4668-BE54-9A1E7A4F7556}") = "NGraphQL.Server.Http", "NGraphQL.Server.Http\NGraphQL.Server.Http.csproj", "{53B7E281-B8C8-4A05-BA04-381CD9FEA89B}"
EndProject
Project("{9A19103F-16F7-4668-BE54-9A1E7A4F7556}") = "NGraphQL", "NGraphQL\NGraphQL.csproj", "{9ECD6905-EF78-4D72-9826-CF4F40108063}"
EndProject
Global
	GlobalSection(SolutionConfigurationPlatforms) = preSolution
		Debug|Any CPU = Debug|Any CPU
		Release|Any CPU = Release|Any CPU
	EndGlobalSection
	GlobalSection(ProjectConfigurationPlatforms) = postSolution
		{614DAA9A-13E2-47EB-ACC3-F4B024D6F7AE}.Debug|Any CPU.ActiveCfg = Debug|Any CPU
		{614DAA9A-13E2-47EB-ACC3-F4B024D6F7AE}.Debug|Any CPU.Build.0 = Debug|Any CPU
		{614DAA9A-13E2-47EB-ACC3-F4B024D6F7AE}.Release|Any CPU.ActiveCfg = Release|Any CPU
		{614DAA9A-13E2-47EB-ACC3-F4B024D6F7AE}.Release|Any CPU.Build.0 = Release|Any CPU
		{BDA3DEDD-17CF-4E92-8CD7-DCCF6466E2CA}.Debug|Any CPU.ActiveCfg = Debug|Any CPU
		{BDA3DEDD-17CF-4E92-8CD7-DCCF6466E2CA}.Debug|Any CPU.Build.0 = Debug|Any CPU
		{BDA3DEDD-17CF-4E92-8CD7-DCCF6466E2CA}.Release|Any CPU.ActiveCfg = Release|Any CPU
		{BDA3DEDD-17CF-4E92-8CD7-DCCF6466E2CA}.Release|Any CPU.Build.0 = Release|Any CPU
		{3D323D68-BF4D-4AF9-98A5-6799264F37F9}.Debug|Any CPU.ActiveCfg = Debug|Any CPU
		{3D323D68-BF4D-4AF9-98A5-6799264F37F9}.Debug|Any CPU.Build.0 = Debug|Any CPU
		{3D323D68-BF4D-4AF9-98A5-6799264F37F9}.Release|Any CPU.ActiveCfg = Release|Any CPU
		{3D323D68-BF4D-4AF9-98A5-6799264F37F9}.Release|Any CPU.Build.0 = Release|Any CPU
		{53D550B1-5D5D-41FB-A333-37B661DEC728}.Debug|Any CPU.ActiveCfg = Debug|Any CPU
		{53D550B1-5D5D-41FB-A333-37B661DEC728}.Debug|Any CPU.Build.0 = Debug|Any CPU
		{53D550B1-5D5D-41FB-A333-37B661DEC728}.Release|Any CPU.ActiveCfg = Release|Any CPU
		{53D550B1-5D5D-41FB-A333-37B661DEC728}.Release|Any CPU.Build.0 = Release|Any CPU
		{2A3CDD5D-CB9F-4E1E-9BA6-E28BEC06E85D}.Debug|Any CPU.ActiveCfg = Debug|Any CPU
		{2A3CDD5D-CB9F-4E1E-9BA6-E28BEC06E85D}.Debug|Any CPU.Build.0 = Debug|Any CPU
		{2A3CDD5D-CB9F-4E1E-9BA6-E28BEC06E85D}.Release|Any CPU.ActiveCfg = Release|Any CPU
		{2A3CDD5D-CB9F-4E1E-9BA6-E28BEC06E85D}.Release|Any CPU.Build.0 = Release|Any CPU
		{53B7E281-B8C8-4A05-BA04-381CD9FEA89B}.Debug|Any CPU.ActiveCfg = Debug|Any CPU
		{53B7E281-B8C8-4A05-BA04-381CD9FEA89B}.Debug|Any CPU.Build.0 = Debug|Any CPU
		{53B7E281-B8C8-4A05-BA04-381CD9FEA89B}.Release|Any CPU.ActiveCfg = Release|Any CPU
		{53B7E281-B8C8-4A05-BA04-381CD9FEA89B}.Release|Any CPU.Build.0 = Release|Any CPU
		{9ECD6905-EF78-4D72-9826-CF4F40108063}.Debug|Any CPU.ActiveCfg = Debug|Any CPU
		{9ECD6905-EF78-4D72-9826-CF4F40108063}.Debug|Any CPU.Build.0 = Debug|Any CPU
		{9ECD6905-EF78-4D72-9826-CF4F40108063}.Release|Any CPU.ActiveCfg = Release|Any CPU
		{9ECD6905-EF78-4D72-9826-CF4F40108063}.Release|Any CPU.Build.0 = Release|Any CPU
	EndGlobalSection
	GlobalSection(SolutionProperties) = preSolution
		HideSolutionNode = FALSE
	EndGlobalSection
	GlobalSection(NestedProjects) = preSolution
		{BDA3DEDD-17CF-4E92-8CD7-DCCF6466E2CA} = {CA7361EF-78F4-4367-953F-28A1CDEDBB35}
		{3D323D68-BF4D-4AF9-98A5-6799264F37F9} = {CA7361EF-78F4-4367-953F-28A1CDEDBB35}
		{53D550B1-5D5D-41FB-A333-37B661DEC728} = {CA7361EF-78F4-4367-953F-28A1CDEDBB35}
	EndGlobalSection
	GlobalSection(ExtensibilityGlobals) = postSolution
		SolutionGuid = {487D2E61-A748-4092-A70A-6B3548627DE0}
	EndGlobalSection
EndGlobal
